
Microsoft Visual Studio Solution File, Format Version 12.00
Project("{FAE04EC0-301F-11D3-BF4B-00C04F79EFBC}") = "Ubb.BikeContest.Repository", "Ubb.BikeContest.Repository\Ubb.BikeContest.Repository.csproj", "{B0498007-25FD-43E7-87A2-8A0320F3B5AE}"
EndProject
Project("{FAE04EC0-301F-11D3-BF4B-00C04F79EFBC}") = "Ubb.BikeContest.Model", "Ubb.BikeContest.Model\Ubb.BikeContest.Model.csproj", "{89323EF3-A2B2-4218-ABA7-2D25A0A0308F}"
EndProject
Project("{FAE04EC0-301F-11D3-BF4B-00C04F79EFBC}") = "Ubb.BikeContest.Service", "Ubb.BikeContest.Service\Ubb.BikeContest.Service.csproj", "{B47D083C-8362-461B-8EDA-5315BB425CFC}"
EndProject
Project("{FAE04EC0-301F-11D3-BF4B-00C04F79EFBC}") = "Ubb.BikeContest.UserInterface", "Ubb.BikeContest.UserInterface\Ubb.BikeContest.UserInterface.csproj", "{380FB7A4-854F-4E1E-A35E-547ABEA68E3B}"
EndProject
Global
	GlobalSection(SolutionConfigurationPlatforms) = preSolution
		Debug|Any CPU = Debug|Any CPU
		Release|Any CPU = Release|Any CPU
	EndGlobalSection
	GlobalSection(ProjectConfigurationPlatforms) = postSolution
		{B0498007-25FD-43E7-87A2-8A0320F3B5AE}.Debug|Any CPU.ActiveCfg = Debug|Any CPU
		{B0498007-25FD-43E7-87A2-8A0320F3B5AE}.Debug|Any CPU.Build.0 = Debug|Any CPU
		{B0498007-25FD-43E7-87A2-8A0320F3B5AE}.Release|Any CPU.ActiveCfg = Release|Any CPU
		{B0498007-25FD-43E7-87A2-8A0320F3B5AE}.Release|Any CPU.Build.0 = Release|Any CPU
		{89323EF3-A2B2-4218-ABA7-2D25A0A0308F}.Debug|Any CPU.ActiveCfg = Debug|Any CPU
		{89323EF3-A2B2-4218-ABA7-2D25A0A0308F}.Debug|Any CPU.Build.0 = Debug|Any CPU
		{89323EF3-A2B2-4218-ABA7-2D25A0A0308F}.Release|Any CPU.ActiveCfg = Release|Any CPU
		{89323EF3-A2B2-4218-ABA7-2D25A0A0308F}.Release|Any CPU.Build.0 = Release|Any CPU
		{B47D083C-8362-461B-8EDA-5315BB425CFC}.Debug|Any CPU.ActiveCfg = Debug|Any CPU
		{B47D083C-8362-461B-8EDA-5315BB425CFC}.Debug|Any CPU.Build.0 = Debug|Any CPU
		{B47D083C-8362-461B-8EDA-5315BB425CFC}.Release|Any CPU.ActiveCfg = Release|Any CPU
		{B47D083C-8362-461B-8EDA-5315BB425CFC}.Release|Any CPU.Build.0 = Release|Any CPU
		{380FB7A4-854F-4E1E-A35E-547ABEA68E3B}.Debug|Any CPU.ActiveCfg = Debug|Any CPU
		{380FB7A4-854F-4E1E-A35E-547ABEA68E3B}.Debug|Any CPU.Build.0 = Debug|Any CPU
		{380FB7A4-854F-4E1E-A35E-547ABEA68E3B}.Release|Any CPU.ActiveCfg = Release|Any CPU
		{380FB7A4-854F-4E1E-A35E-547ABEA68E3B}.Release|Any CPU.Build.0 = Release|Any CPU
	EndGlobalSection
EndGlobal
