
Microsoft Visual Studio Solution File, Format Version 12.00
# Visual Studio Version 16
VisualStudioVersion = 16.0.31129.286
MinimumVisualStudioVersion = 10.0.40219.1
Project("{8BC9CEB8-8B4A-11D0-8D11-00A0C91BC942}") = "lab09-10", "lab09-10\lab09-10.vcxproj", "{FF9EB1DD-700F-41F2-88EA-B19B716647D2}"
EndProject
Global
	GlobalSection(SolutionConfigurationPlatforms) = preSolution
		Debug|x64 = Debug|x64
		Debug|x86 = Debug|x86
		Release|x64 = Release|x64
		Release|x86 = Release|x86
	EndGlobalSection
	GlobalSection(ProjectConfigurationPlatforms) = postSolution
		{FF9EB1DD-700F-41F2-88EA-B19B716647D2}.Debug|x64.ActiveCfg = Debug|x64
		{FF9EB1DD-700F-41F2-88EA-B19B716647D2}.Debug|x64.Build.0 = Debug|x64
		{FF9EB1DD-700F-41F2-88EA-B19B716647D2}.Debug|x86.ActiveCfg = Debug|Win32
		{FF9EB1DD-700F-41F2-88EA-B19B716647D2}.Debug|x86.Build.0 = Debug|Win32
		{FF9EB1DD-700F-41F2-88EA-B19B716647D2}.Release|x64.ActiveCfg = Release|x64
		{FF9EB1DD-700F-41F2-88EA-B19B716647D2}.Release|x64.Build.0 = Release|x64
		{FF9EB1DD-700F-41F2-88EA-B19B716647D2}.Release|x86.ActiveCfg = Release|Win32
		{FF9EB1DD-700F-41F2-88EA-B19B716647D2}.Release|x86.Build.0 = Release|Win32
	EndGlobalSection
	GlobalSection(SolutionProperties) = preSolution
		HideSolutionNode = FALSE
	EndGlobalSection
	GlobalSection(ExtensibilityGlobals) = postSolution
		SolutionGuid = {281340EE-AE6E-47F8-909C-ADAD8BD4A385}
	EndGlobalSection
EndGlobal
